
Microsoft Visual Studio Solution File, Format Version 12.00
# Visual Studio Version 16
VisualStudioVersion = 16.0.32510.428
MinimumVisualStudioVersion = 10.0.40219.1
Project("{FAE04EC0-301F-11D3-BF4B-00C04F79EFBC}") = "RentalPointCPKiO", "RentalPointCPKiO\RentalPointCPKiO.csproj", "{42EB4297-55B7-4268-8963-EF7D18905B1B}"
EndProject
Project("{FAE04EC0-301F-11D3-BF4B-00C04F79EFBC}") = "ClassLibrary", "ClassLibrary\ClassLibrary.csproj", "{7CB127A5-3566-48A6-BE4C-E41D4BA94DC2}"
EndProject
Global
	GlobalSection(SolutionConfigurationPlatforms) = preSolution
		Debug|Any CPU = Debug|Any CPU
		Release|Any CPU = Release|Any CPU
	EndGlobalSection
	GlobalSection(ProjectConfigurationPlatforms) = postSolution
		{42EB4297-55B7-4268-8963-EF7D18905B1B}.Debug|Any CPU.ActiveCfg = Debug|Any CPU
		{42EB4297-55B7-4268-8963-EF7D18905B1B}.Debug|Any CPU.Build.0 = Debug|Any CPU
		{42EB4297-55B7-4268-8963-EF7D18905B1B}.Release|Any CPU.ActiveCfg = Release|Any CPU
		{42EB4297-55B7-4268-8963-EF7D18905B1B}.Release|Any CPU.Build.0 = Release|Any CPU
		{7CB127A5-3566-48A6-BE4C-E41D4BA94DC2}.Debug|Any CPU.ActiveCfg = Debug|Any CPU
		{7CB127A5-3566-48A6-BE4C-E41D4BA94DC2}.Debug|Any CPU.Build.0 = Debug|Any CPU
		{7CB127A5-3566-48A6-BE4C-E41D4BA94DC2}.Release|Any CPU.ActiveCfg = Release|Any CPU
		{7CB127A5-3566-48A6-BE4C-E41D4BA94DC2}.Release|Any CPU.Build.0 = Release|Any CPU
	EndGlobalSection
	GlobalSection(SolutionProperties) = preSolution
		HideSolutionNode = FALSE
	EndGlobalSection
	GlobalSection(ExtensibilityGlobals) = postSolution
		SolutionGuid = {A0454A09-E135-4A92-84CE-E6C1DCEFCE9E}
	EndGlobalSection
EndGlobal
